Microsoft Visual Studio Solution File, Format Version 11.00
# Visual Studio 2008

Project("{CF7E8191-C3CD-4FE2-2D43-BE46FA2C7EB5}") = "Med4-407-Final-Iteration", "Assembly-CSharp-firstpass.csproj", "{071817A1-118F-8298-3BC0-B935D55FC6B6}"
EndProject
Project("{CF7E8191-C3CD-4FE2-2D43-BE46FA2C7EB5}") = "Med4-407-Final-Iteration", "Assembly-CSharp.csproj", "{9517DC74-089E-C8D4-C7CD-912E5F52B0EF}"
EndProject
Project("{CF7E8191-C3CD-4FE2-2D43-BE46FA2C7EB5}") = "Med4-407-Final-Iteration", "Assembly-CSharp-Editor.csproj", "{B2E27AE7-D7DA-06DC-67F0-B0DE9A6C78AF}"
EndProject
Project("{CF7E8191-C3CD-4FE2-2D43-BE46FA2C7EB5}") = "Med4-407-Final-Iteration", "Assembly-UnityScript.unityproj", "{BFBA5193-5461-2074-E312-F2EDECC8E54F}"
EndProject
Global
	GlobalSection(SolutionConfigurationPlatforms) = preSolution
		Debug|Any CPU = Debug|Any CPU
		Release|Any CPU = Release|Any CPU
	EndGlobalSection
	GlobalSection(ProjectConfigurationPlatforms) = postSolution
		{071817A1-118F-8298-3BC0-B935D55FC6B6}.Debug|Any CPU.ActiveCfg = Debug|Any CPU
		{071817A1-118F-8298-3BC0-B935D55FC6B6}.Debug|Any CPU.Build.0 = Debug|Any CPU
		{071817A1-118F-8298-3BC0-B935D55FC6B6}.Release|Any CPU.ActiveCfg = Release|Any CPU
		{071817A1-118F-8298-3BC0-B935D55FC6B6}.Release|Any CPU.Build.0 = Release|Any CPU
		{9517DC74-089E-C8D4-C7CD-912E5F52B0EF}.Debug|Any CPU.ActiveCfg = Debug|Any CPU
		{9517DC74-089E-C8D4-C7CD-912E5F52B0EF}.Debug|Any CPU.Build.0 = Debug|Any CPU
		{9517DC74-089E-C8D4-C7CD-912E5F52B0EF}.Release|Any CPU.ActiveCfg = Release|Any CPU
		{9517DC74-089E-C8D4-C7CD-912E5F52B0EF}.Release|Any CPU.Build.0 = Release|Any CPU
		{B2E27AE7-D7DA-06DC-67F0-B0DE9A6C78AF}.Debug|Any CPU.ActiveCfg = Debug|Any CPU
		{B2E27AE7-D7DA-06DC-67F0-B0DE9A6C78AF}.Debug|Any CPU.Build.0 = Debug|Any CPU
		{B2E27AE7-D7DA-06DC-67F0-B0DE9A6C78AF}.Release|Any CPU.ActiveCfg = Release|Any CPU
		{B2E27AE7-D7DA-06DC-67F0-B0DE9A6C78AF}.Release|Any CPU.Build.0 = Release|Any CPU
		{BFBA5193-5461-2074-E312-F2EDECC8E54F}.Debug|Any CPU.ActiveCfg = Debug|Any CPU
		{BFBA5193-5461-2074-E312-F2EDECC8E54F}.Debug|Any CPU.Build.0 = Debug|Any CPU
		{BFBA5193-5461-2074-E312-F2EDECC8E54F}.Release|Any CPU.ActiveCfg = Release|Any CPU
		{BFBA5193-5461-2074-E312-F2EDECC8E54F}.Release|Any CPU.Build.0 = Release|Any CPU
	EndGlobalSection
	GlobalSection(SolutionProperties) = preSolution
		HideSolutionNode = FALSE
	EndGlobalSection
				GlobalSection(MonoDevelopProperties) = preSolution
		StartupItem = Assembly-CSharp.csproj
		Policies = $0
		$0.TextStylePolicy = $1
		$1.inheritsSet = null
		$1.scope = text/x-csharp
		$0.CSharpFormattingPolicy = $2
		$2.inheritsSet = Mono
		$2.inheritsScope = text/x-csharp
		$2.scope = text/x-csharp
		$0.TextStylePolicy = $3
		$3.FileWidth = 120
		$3.TabWidth = 4
		$3.IndentWidth = 4
		$3.EolMarker = Unix
		$3.inheritsSet = Mono
		$3.inheritsScope = text/plain
		$3.scope = text/plain
	EndGlobalSection

EndGlobal
